
Microsoft Visual Studio Solution File, Format Version 12.00
# Visual Studio Version 17
VisualStudioVersion = 17.6.33815.320
MinimumVisualStudioVersion = 10.0.40219.1
Project("{9A19103F-16F7-4668-BE54-9A1E7A4F7556}") = "UserManagement.Web", "UserManagement.Web.csproj", "{583CF56D-263D-49D3-AB2E-94148CAA630D}"
EndProject
Project("{9A19103F-16F7-4668-BE54-9A1E7A4F7556}") = "UserManagement.API", "..\UserManagement.API\UserManagement.API.csproj", "{F9CD9977-47F3-4CC2-930F-6FE99D421B5E}"
EndProject
Project("{9A19103F-16F7-4668-BE54-9A1E7A4F7556}") = "UserManagement.DTO", "..\UserManagement.DTO\UserManagement.DTO.csproj", "{86F85AD5-299D-4B2E-8160-3EF9E0781BB1}"
EndProject
Global
	GlobalSection(SolutionConfigurationPlatforms) = preSolution
		Debug|Any CPU = Debug|Any CPU
		Release|Any CPU = Release|Any CPU
	EndGlobalSection
	GlobalSection(ProjectConfigurationPlatforms) = postSolution
		{583CF56D-263D-49D3-AB2E-94148CAA630D}.Debug|Any CPU.ActiveCfg = Debug|Any CPU
		{583CF56D-263D-49D3-AB2E-94148CAA630D}.Debug|Any CPU.Build.0 = Debug|Any CPU
		{583CF56D-263D-49D3-AB2E-94148CAA630D}.Release|Any CPU.ActiveCfg = Release|Any CPU
		{583CF56D-263D-49D3-AB2E-94148CAA630D}.Release|Any CPU.Build.0 = Release|Any CPU
		{F9CD9977-47F3-4CC2-930F-6FE99D421B5E}.Debug|Any CPU.ActiveCfg = Debug|Any CPU
		{F9CD9977-47F3-4CC2-930F-6FE99D421B5E}.Debug|Any CPU.Build.0 = Debug|Any CPU
		{F9CD9977-47F3-4CC2-930F-6FE99D421B5E}.Release|Any CPU.ActiveCfg = Release|Any CPU
		{F9CD9977-47F3-4CC2-930F-6FE99D421B5E}.Release|Any CPU.Build.0 = Release|Any CPU
		{86F85AD5-299D-4B2E-8160-3EF9E0781BB1}.Debug|Any CPU.ActiveCfg = Debug|Any CPU
		{86F85AD5-299D-4B2E-8160-3EF9E0781BB1}.Debug|Any CPU.Build.0 = Debug|Any CPU
		{86F85AD5-299D-4B2E-8160-3EF9E0781BB1}.Release|Any CPU.ActiveCfg = Release|Any CPU
		{86F85AD5-299D-4B2E-8160-3EF9E0781BB1}.Release|Any CPU.Build.0 = Release|Any CPU
	EndGlobalSection
	GlobalSection(SolutionProperties) = preSolution
		HideSolutionNode = FALSE
	EndGlobalSection
	GlobalSection(ExtensibilityGlobals) = postSolution
		SolutionGuid = {D2554532-601C-44D7-8EF1-F3A7E9AA8408}
	EndGlobalSection
EndGlobal
